
Microsoft Visual Studio Solution File, Format Version 12.00
# Visual Studio Version 17
VisualStudioVersion = 17.3.32825.248
MinimumVisualStudioVersion = 10.0.40219.1
Project("{FAE04EC0-301F-11D3-BF4B-00C04F79EFBC}") = "Week15OOPAndFiles", "Week15OOPAndFiles\Week15OOPAndFiles.csproj", "{BEE55F35-7326-433B-AD00-48B71C1804DA}"
EndProject
Global
	GlobalSection(SolutionConfigurationPlatforms) = preSolution
		Debug|Any CPU = Debug|Any CPU
		Release|Any CPU = Release|Any CPU
	EndGlobalSection
	GlobalSection(ProjectConfigurationPlatforms) = postSolution
		{BEE55F35-7326-433B-AD00-48B71C1804DA}.Debug|Any CPU.ActiveCfg = Debug|Any CPU
		{BEE55F35-7326-433B-AD00-48B71C1804DA}.Debug|Any CPU.Build.0 = Debug|Any CPU
		{BEE55F35-7326-433B-AD00-48B71C1804DA}.Release|Any CPU.ActiveCfg = Release|Any CPU
		{BEE55F35-7326-433B-AD00-48B71C1804DA}.Release|Any CPU.Build.0 = Release|Any CPU
	EndGlobalSection
	GlobalSection(SolutionProperties) = preSolution
		HideSolutionNode = FALSE
	EndGlobalSection
	GlobalSection(ExtensibilityGlobals) = postSolution
		SolutionGuid = {24B34EAF-C3D9-47A8-9833-5D6D0F043D2A}
	EndGlobalSection
EndGlobal
